
Microsoft Visual Studio Solution File, Format Version 12.00
# Visual Studio Version 17
VisualStudioVersion = 17.4.33213.308
MinimumVisualStudioVersion = 10.0.40219.1
Project("{FAE04EC0-301F-11D3-BF4B-00C04F79EFBC}") = "opinions", "opinions\opinions.csproj", "{228AF6D4-25D6-460A-8E58-3E3D4248A722}"
EndProject
Global
	GlobalSection(SolutionConfigurationPlatforms) = preSolution
		Debug|Any CPU = Debug|Any CPU
		Release|Any CPU = Release|Any CPU
	EndGlobalSection
	GlobalSection(ProjectConfigurationPlatforms) = postSolution
		{228AF6D4-25D6-460A-8E58-3E3D4248A722}.Debug|Any CPU.ActiveCfg = Debug|Any CPU
		{228AF6D4-25D6-460A-8E58-3E3D4248A722}.Debug|Any CPU.Build.0 = Debug|Any CPU
		{228AF6D4-25D6-460A-8E58-3E3D4248A722}.Release|Any CPU.ActiveCfg = Release|Any CPU
		{228AF6D4-25D6-460A-8E58-3E3D4248A722}.Release|Any CPU.Build.0 = Release|Any CPU
	EndGlobalSection
	GlobalSection(SolutionProperties) = preSolution
		HideSolutionNode = FALSE
	EndGlobalSection
	GlobalSection(ExtensibilityGlobals) = postSolution
		SolutionGuid = {749241AE-EA0B-41FC-BEB6-C431C97A4BAC}
	EndGlobalSection
EndGlobal
